
Microsoft Visual Studio Solution File, Format Version 12.00
# Visual Studio Version 17
VisualStudioVersion = 17.1.32407.343
MinimumVisualStudioVersion = 10.0.40219.1
Project("{FAE04EC0-301F-11D3-BF4B-00C04F79EFBC}") = "BestOilTask", "BestOilTask\BestOilTask.csproj", "{07CF06FD-0219-48C2-863B-EADE5D9493A2}"
EndProject
Global
	GlobalSection(SolutionConfigurationPlatforms) = preSolution
		Debug|Any CPU = Debug|Any CPU
		Release|Any CPU = Release|Any CPU
	EndGlobalSection
	GlobalSection(ProjectConfigurationPlatforms) = postSolution
		{07CF06FD-0219-48C2-863B-EADE5D9493A2}.Debug|Any CPU.ActiveCfg = Debug|Any CPU
		{07CF06FD-0219-48C2-863B-EADE5D9493A2}.Debug|Any CPU.Build.0 = Debug|Any CPU
		{07CF06FD-0219-48C2-863B-EADE5D9493A2}.Release|Any CPU.ActiveCfg = Release|Any CPU
		{07CF06FD-0219-48C2-863B-EADE5D9493A2}.Release|Any CPU.Build.0 = Release|Any CPU
	EndGlobalSection
	GlobalSection(SolutionProperties) = preSolution
		HideSolutionNode = FALSE
	EndGlobalSection
	GlobalSection(ExtensibilityGlobals) = postSolution
		SolutionGuid = {5948C71A-B651-4E1E-8ABE-B149C8601701}
	EndGlobalSection
EndGlobal
